
Microsoft Visual Studio Solution File, Format Version 12.00
Project("{2150E333-8FDC-42A3-9474-1A3956D46DE8}") = "Infrastructure", "Infrastructure", "{ABBC1495-BF02-4A61-A891-FC3ED211FE4F}"
EndProject
Project("{2150E333-8FDC-42A3-9474-1A3956D46DE8}") = "Domain", "Domain", "{604FB1F7-0017-451A-9F55-0A99576A33B0}"
EndProject
Project("{2150E333-8FDC-42A3-9474-1A3956D46DE8}") = "Application", "Application", "{792A7F31-BD95-47F0-979B-586323F55DCD}"
EndProject
Project("{FAE04EC0-301F-11D3-BF4B-00C04F79EFBC}") = "Geardao.Erp.Api", "Geardao.Erp.Api\Geardao.Erp.Api.csproj", "{DBDD6766-D40F-4538-8945-7F413E1D4529}"
EndProject
Project("{FAE04EC0-301F-11D3-BF4B-00C04F79EFBC}") = "Geardao.Erp.MVC", "Geardao.Erp.MVC\Geardao.Erp.MVC.csproj", "{F2AE4B6F-5973-46BB-BC54-879BC091AE74}"
EndProject
Project("{FAE04EC0-301F-11D3-BF4B-00C04F79EFBC}") = "Geardao.Erp.HR", "Geardao.Erp.HR\Geardao.Erp.HR.csproj", "{DDFC57BC-0F52-4D4D-A118-14AA8ECA4D07}"
EndProject
Project("{FAE04EC0-301F-11D3-BF4B-00C04F79EFBC}") = "Geardao.Erp.Inventory", "Geardao.Erp.Inventory\Geardao.Erp.Inventory.csproj", "{07BF00AA-5D1A-417D-999E-6540946D7AD0}"
EndProject
Project("{FAE04EC0-301F-11D3-BF4B-00C04F79EFBC}") = "Geardao.Erp.Production", "Geardao.Erp.Production\Geardao.Erp.Production.csproj", "{DEBCA868-ADF8-4E21-B32F-9FA64B043C05}"
EndProject
Project("{FAE04EC0-301F-11D3-BF4B-00C04F79EFBC}") = "Geardao.Erp.Accounting", "Geardao.Erp.Accounting\Geardao.Erp.Accounting.csproj", "{ACC9C460-B2D5-4A17-9E2C-2F3C233B9E3A}"
EndProject
Global
	GlobalSection(SolutionConfigurationPlatforms) = preSolution
		Debug|Any CPU = Debug|Any CPU
		Release|Any CPU = Release|Any CPU
	EndGlobalSection
	GlobalSection(ProjectConfigurationPlatforms) = postSolution
		{DBDD6766-D40F-4538-8945-7F413E1D4529}.Debug|Any CPU.ActiveCfg = Debug|Any CPU
		{DBDD6766-D40F-4538-8945-7F413E1D4529}.Debug|Any CPU.Build.0 = Debug|Any CPU
		{DBDD6766-D40F-4538-8945-7F413E1D4529}.Release|Any CPU.ActiveCfg = Release|Any CPU
		{DBDD6766-D40F-4538-8945-7F413E1D4529}.Release|Any CPU.Build.0 = Release|Any CPU
		{F2AE4B6F-5973-46BB-BC54-879BC091AE74}.Debug|Any CPU.ActiveCfg = Debug|Any CPU
		{F2AE4B6F-5973-46BB-BC54-879BC091AE74}.Debug|Any CPU.Build.0 = Debug|Any CPU
		{F2AE4B6F-5973-46BB-BC54-879BC091AE74}.Release|Any CPU.ActiveCfg = Release|Any CPU
		{F2AE4B6F-5973-46BB-BC54-879BC091AE74}.Release|Any CPU.Build.0 = Release|Any CPU
		{DDFC57BC-0F52-4D4D-A118-14AA8ECA4D07}.Debug|Any CPU.ActiveCfg = Debug|Any CPU
		{DDFC57BC-0F52-4D4D-A118-14AA8ECA4D07}.Debug|Any CPU.Build.0 = Debug|Any CPU
		{DDFC57BC-0F52-4D4D-A118-14AA8ECA4D07}.Release|Any CPU.ActiveCfg = Release|Any CPU
		{DDFC57BC-0F52-4D4D-A118-14AA8ECA4D07}.Release|Any CPU.Build.0 = Release|Any CPU
		{07BF00AA-5D1A-417D-999E-6540946D7AD0}.Debug|Any CPU.ActiveCfg = Debug|Any CPU
		{07BF00AA-5D1A-417D-999E-6540946D7AD0}.Debug|Any CPU.Build.0 = Debug|Any CPU
		{07BF00AA-5D1A-417D-999E-6540946D7AD0}.Release|Any CPU.ActiveCfg = Release|Any CPU
		{07BF00AA-5D1A-417D-999E-6540946D7AD0}.Release|Any CPU.Build.0 = Release|Any CPU
		{DEBCA868-ADF8-4E21-B32F-9FA64B043C05}.Debug|Any CPU.ActiveCfg = Debug|Any CPU
		{DEBCA868-ADF8-4E21-B32F-9FA64B043C05}.Debug|Any CPU.Build.0 = Debug|Any CPU
		{DEBCA868-ADF8-4E21-B32F-9FA64B043C05}.Release|Any CPU.ActiveCfg = Release|Any CPU
		{DEBCA868-ADF8-4E21-B32F-9FA64B043C05}.Release|Any CPU.Build.0 = Release|Any CPU
		{ACC9C460-B2D5-4A17-9E2C-2F3C233B9E3A}.Debug|Any CPU.ActiveCfg = Debug|Any CPU
		{ACC9C460-B2D5-4A17-9E2C-2F3C233B9E3A}.Debug|Any CPU.Build.0 = Debug|Any CPU
		{ACC9C460-B2D5-4A17-9E2C-2F3C233B9E3A}.Release|Any CPU.ActiveCfg = Release|Any CPU
		{ACC9C460-B2D5-4A17-9E2C-2F3C233B9E3A}.Release|Any CPU.Build.0 = Release|Any CPU
	EndGlobalSection
	GlobalSection(NestedProjects) = preSolution
		{DBDD6766-D40F-4538-8945-7F413E1D4529} = {792A7F31-BD95-47F0-979B-586323F55DCD}
		{F2AE4B6F-5973-46BB-BC54-879BC091AE74} = {792A7F31-BD95-47F0-979B-586323F55DCD}
		{DDFC57BC-0F52-4D4D-A118-14AA8ECA4D07} = {604FB1F7-0017-451A-9F55-0A99576A33B0}
		{07BF00AA-5D1A-417D-999E-6540946D7AD0} = {604FB1F7-0017-451A-9F55-0A99576A33B0}
		{DEBCA868-ADF8-4E21-B32F-9FA64B043C05} = {604FB1F7-0017-451A-9F55-0A99576A33B0}
		{ACC9C460-B2D5-4A17-9E2C-2F3C233B9E3A} = {604FB1F7-0017-451A-9F55-0A99576A33B0}
	EndGlobalSection
EndGlobal
